
Microsoft Visual Studio Solution File, Format Version 12.00
# Visual Studio Version 17
VisualStudioVersion = 17.12.35527.113 d17.12
MinimumVisualStudioVersion = 10.0.40219.1
Project("{2150E333-8FDC-42A3-9474-1A3956D46DE8}") = "Presentation", "Presentation", "{32846CE0-E0F2-4744-AE85-8EC80F56A71F}"
EndProject
Project("{2150E333-8FDC-42A3-9474-1A3956D46DE8}") = "Infrastructure", "Infrastructure", "{EBF293B6-782A-419B-97F1-224933115BB8}"
EndProject
Project("{2150E333-8FDC-42A3-9474-1A3956D46DE8}") = "Application", "Application", "{962FD2CF-8E04-4FBD-B9FB-E492C776BAB3}"
EndProject
Project("{2150E333-8FDC-42A3-9474-1A3956D46DE8}") = "Domain", "Domain", "{F9FC6554-655A-49BD-8E6C-C456771F2350}"
EndProject
Project("{2150E333-8FDC-42A3-9474-1A3956D46DE8}") = "Server", "Server", "{BD745107-AA1D-4DCC-BEEA-7B41ED8994E8}"
EndProject
Project("{2150E333-8FDC-42A3-9474-1A3956D46DE8}") = "Client", "Client", "{BC9569FD-AF11-4E2E-AA5E-54EFDB569EB9}"
EndProject
Project("{FAE04EC0-301F-11D3-BF4B-00C04F79EFBC}") = "Lottery.Presentation.Server.Api", "Lottery.Presentation.Server.Api\Lottery.Presentation.Server.Api.csproj", "{F3066B04-5A17-401D-A4B8-78AD32CB4358}"
EndProject
Project("{FAE04EC0-301F-11D3-BF4B-00C04F79EFBC}") = "Lottery.Domain.Abstract", "Lottery.Domain.Abstract\Lottery.Domain.Abstract.csproj", "{10F9E6E3-8CFA-4048-ADD8-2907C29A9409}"
EndProject
Project("{FAE04EC0-301F-11D3-BF4B-00C04F79EFBC}") = "Lottery.Domain.Specifications", "Lottery.Domain.Specifications\Lottery.Domain.Specifications.csproj", "{3BB8D63B-ACC8-46E9-8395-F50794463770}"
EndProject
Project("{2150E333-8FDC-42A3-9474-1A3956D46DE8}") = "Database", "Database", "{3CBE75AD-5B5D-4C66-9BBB-115CF1F77BDF}"
EndProject
Project("{FAE04EC0-301F-11D3-BF4B-00C04F79EFBC}") = "Lottery.Infrastructure.Database.Repositories", "Lottery.Infrastructure.Database.Repositories\Lottery.Infrastructure.Database.Repositories.csproj", "{384B6355-75B1-4A21-8647-809EBC1E523D}"
EndProject
Project("{FAE04EC0-301F-11D3-BF4B-00C04F79EFBC}") = "Lottery.Domain.Models", "Lottery.Domain.Models\Lottery.Domain.Models.csproj", "{E2355C4A-D0B5-4E3D-82FE-0954535AAB00}"
EndProject
Project("{FAE04EC0-301F-11D3-BF4B-00C04F79EFBC}") = "Lottery.Infrastructure.Database.Ef", "Lottery.Infrastructure.Database.Ef\Lottery.Infrastructure.Database.Ef.csproj", "{B8545F13-D34A-4A5B-A381-554C2C8194B0}"
EndProject
Project("{FAE04EC0-301F-11D3-BF4B-00C04F79EFBC}") = "Lottery.Infrastructure.Database.Injection", "Lottery.Infrastructure.Database.Injection\Lottery.Infrastructure.Database.Injection.csproj", "{B72C2B46-6E79-4998-B681-EB15C228505A}"
EndProject
Project("{FAE04EC0-301F-11D3-BF4B-00C04F79EFBC}") = "Lottery.Domain.Configuration", "Lottery.Domain.Configuration\Lottery.Domain.Configuration.csproj", "{B89398D9-741D-40CE-AB8E-5FB2A3D85D11}"
EndProject
Global
	GlobalSection(SolutionConfigurationPlatforms) = preSolution
		Debug|Any CPU = Debug|Any CPU
		Release|Any CPU = Release|Any CPU
	EndGlobalSection
	GlobalSection(ProjectConfigurationPlatforms) = postSolution
		{F3066B04-5A17-401D-A4B8-78AD32CB4358}.Debug|Any CPU.ActiveCfg = Debug|Any CPU
		{F3066B04-5A17-401D-A4B8-78AD32CB4358}.Debug|Any CPU.Build.0 = Debug|Any CPU
		{F3066B04-5A17-401D-A4B8-78AD32CB4358}.Release|Any CPU.ActiveCfg = Release|Any CPU
		{F3066B04-5A17-401D-A4B8-78AD32CB4358}.Release|Any CPU.Build.0 = Release|Any CPU
		{10F9E6E3-8CFA-4048-ADD8-2907C29A9409}.Debug|Any CPU.ActiveCfg = Debug|Any CPU
		{10F9E6E3-8CFA-4048-ADD8-2907C29A9409}.Debug|Any CPU.Build.0 = Debug|Any CPU
		{10F9E6E3-8CFA-4048-ADD8-2907C29A9409}.Release|Any CPU.ActiveCfg = Release|Any CPU
		{10F9E6E3-8CFA-4048-ADD8-2907C29A9409}.Release|Any CPU.Build.0 = Release|Any CPU
		{3BB8D63B-ACC8-46E9-8395-F50794463770}.Debug|Any CPU.ActiveCfg = Debug|Any CPU
		{3BB8D63B-ACC8-46E9-8395-F50794463770}.Debug|Any CPU.Build.0 = Debug|Any CPU
		{3BB8D63B-ACC8-46E9-8395-F50794463770}.Release|Any CPU.ActiveCfg = Release|Any CPU
		{3BB8D63B-ACC8-46E9-8395-F50794463770}.Release|Any CPU.Build.0 = Release|Any CPU
		{384B6355-75B1-4A21-8647-809EBC1E523D}.Debug|Any CPU.ActiveCfg = Debug|Any CPU
		{384B6355-75B1-4A21-8647-809EBC1E523D}.Debug|Any CPU.Build.0 = Debug|Any CPU
		{384B6355-75B1-4A21-8647-809EBC1E523D}.Release|Any CPU.ActiveCfg = Release|Any CPU
		{384B6355-75B1-4A21-8647-809EBC1E523D}.Release|Any CPU.Build.0 = Release|Any CPU
		{E2355C4A-D0B5-4E3D-82FE-0954535AAB00}.Debug|Any CPU.ActiveCfg = Debug|Any CPU
		{E2355C4A-D0B5-4E3D-82FE-0954535AAB00}.Debug|Any CPU.Build.0 = Debug|Any CPU
		{E2355C4A-D0B5-4E3D-82FE-0954535AAB00}.Release|Any CPU.ActiveCfg = Release|Any CPU
		{E2355C4A-D0B5-4E3D-82FE-0954535AAB00}.Release|Any CPU.Build.0 = Release|Any CPU
		{B8545F13-D34A-4A5B-A381-554C2C8194B0}.Debug|Any CPU.ActiveCfg = Debug|Any CPU
		{B8545F13-D34A-4A5B-A381-554C2C8194B0}.Debug|Any CPU.Build.0 = Debug|Any CPU
		{B8545F13-D34A-4A5B-A381-554C2C8194B0}.Release|Any CPU.ActiveCfg = Release|Any CPU
		{B8545F13-D34A-4A5B-A381-554C2C8194B0}.Release|Any CPU.Build.0 = Release|Any CPU
		{B72C2B46-6E79-4998-B681-EB15C228505A}.Debug|Any CPU.ActiveCfg = Debug|Any CPU
		{B72C2B46-6E79-4998-B681-EB15C228505A}.Debug|Any CPU.Build.0 = Debug|Any CPU
		{B72C2B46-6E79-4998-B681-EB15C228505A}.Release|Any CPU.ActiveCfg = Release|Any CPU
		{B72C2B46-6E79-4998-B681-EB15C228505A}.Release|Any CPU.Build.0 = Release|Any CPU
		{B89398D9-741D-40CE-AB8E-5FB2A3D85D11}.Debug|Any CPU.ActiveCfg = Debug|Any CPU
		{B89398D9-741D-40CE-AB8E-5FB2A3D85D11}.Debug|Any CPU.Build.0 = Debug|Any CPU
		{B89398D9-741D-40CE-AB8E-5FB2A3D85D11}.Release|Any CPU.ActiveCfg = Release|Any CPU
		{B89398D9-741D-40CE-AB8E-5FB2A3D85D11}.Release|Any CPU.Build.0 = Release|Any CPU
	EndGlobalSection
	GlobalSection(SolutionProperties) = preSolution
		HideSolutionNode = FALSE
	EndGlobalSection
	GlobalSection(NestedProjects) = preSolution
		{BD745107-AA1D-4DCC-BEEA-7B41ED8994E8} = {32846CE0-E0F2-4744-AE85-8EC80F56A71F}
		{BC9569FD-AF11-4E2E-AA5E-54EFDB569EB9} = {32846CE0-E0F2-4744-AE85-8EC80F56A71F}
		{F3066B04-5A17-401D-A4B8-78AD32CB4358} = {BD745107-AA1D-4DCC-BEEA-7B41ED8994E8}
		{10F9E6E3-8CFA-4048-ADD8-2907C29A9409} = {F9FC6554-655A-49BD-8E6C-C456771F2350}
		{3BB8D63B-ACC8-46E9-8395-F50794463770} = {F9FC6554-655A-49BD-8E6C-C456771F2350}
		{3CBE75AD-5B5D-4C66-9BBB-115CF1F77BDF} = {EBF293B6-782A-419B-97F1-224933115BB8}
		{384B6355-75B1-4A21-8647-809EBC1E523D} = {3CBE75AD-5B5D-4C66-9BBB-115CF1F77BDF}
		{E2355C4A-D0B5-4E3D-82FE-0954535AAB00} = {F9FC6554-655A-49BD-8E6C-C456771F2350}
		{B8545F13-D34A-4A5B-A381-554C2C8194B0} = {3CBE75AD-5B5D-4C66-9BBB-115CF1F77BDF}
		{B72C2B46-6E79-4998-B681-EB15C228505A} = {3CBE75AD-5B5D-4C66-9BBB-115CF1F77BDF}
		{B89398D9-741D-40CE-AB8E-5FB2A3D85D11} = {F9FC6554-655A-49BD-8E6C-C456771F2350}
	EndGlobalSection
EndGlobal
