
Microsoft Visual Studio Solution File, Format Version 12.00
# Visual Studio Version 17
VisualStudioVersion = 17.12.35527.113
MinimumVisualStudioVersion = 10.0.40219.1
Project("{2150E333-8FDC-42A3-9474-1A3956D46DE8}") = "Presentation", "Presentation", "{32846CE0-E0F2-4744-AE85-8EC80F56A71F}"
EndProject
Project("{2150E333-8FDC-42A3-9474-1A3956D46DE8}") = "Infrastructure", "Infrastructure", "{EBF293B6-782A-419B-97F1-224933115BB8}"
EndProject
Project("{2150E333-8FDC-42A3-9474-1A3956D46DE8}") = "Application", "Application", "{962FD2CF-8E04-4FBD-B9FB-E492C776BAB3}"
EndProject
Project("{2150E333-8FDC-42A3-9474-1A3956D46DE8}") = "Domain", "Domain", "{F9FC6554-655A-49BD-8E6C-C456771F2350}"
EndProject
Project("{2150E333-8FDC-42A3-9474-1A3956D46DE8}") = "Server", "Server", "{BD745107-AA1D-4DCC-BEEA-7B41ED8994E8}"
EndProject
Project("{2150E333-8FDC-42A3-9474-1A3956D46DE8}") = "Client", "Client", "{BC9569FD-AF11-4E2E-AA5E-54EFDB569EB9}"
EndProject
Project("{FAE04EC0-301F-11D3-BF4B-00C04F79EFBC}") = "Lottery.Presentation.Server.Api", "Lottery.Presentation.Server.Api\Lottery.Presentation.Server.Api.csproj", "{F3066B04-5A17-401D-A4B8-78AD32CB4358}"
EndProject
Project("{FAE04EC0-301F-11D3-BF4B-00C04F79EFBC}") = "Lottery.Domain.Abstract", "Lottery.Domain.Abstract\Lottery.Domain.Abstract.csproj", "{10F9E6E3-8CFA-4048-ADD8-2907C29A9409}"
EndProject
Project("{FAE04EC0-301F-11D3-BF4B-00C04F79EFBC}") = "Lottery.Domain.Specifications", "Lottery.Domain.Specifications\Lottery.Domain.Specifications.csproj", "{3BB8D63B-ACC8-46E9-8395-F50794463770}"
EndProject
Project("{2150E333-8FDC-42A3-9474-1A3956D46DE8}") = "Database", "Database", "{3CBE75AD-5B5D-4C66-9BBB-115CF1F77BDF}"
EndProject
Project("{FAE04EC0-301F-11D3-BF4B-00C04F79EFBC}") = "Lottery.Infrastructure.Database.Repositories", "Lottery.Infrastructure.Database.Repositories\Lottery.Infrastructure.Database.Repositories.csproj", "{384B6355-75B1-4A21-8647-809EBC1E523D}"
EndProject
Project("{FAE04EC0-301F-11D3-BF4B-00C04F79EFBC}") = "Lottery.Domain.Models", "Lottery.Domain.Models\Lottery.Domain.Models.csproj", "{E2355C4A-D0B5-4E3D-82FE-0954535AAB00}"
EndProject
Project("{FAE04EC0-301F-11D3-BF4B-00C04F79EFBC}") = "Lottery.Infrastructure.Database.Ef", "Lottery.Infrastructure.Database.Ef\Lottery.Infrastructure.Database.Ef.csproj", "{B8545F13-D34A-4A5B-A381-554C2C8194B0}"
EndProject
Project("{FAE04EC0-301F-11D3-BF4B-00C04F79EFBC}") = "Lottery.Infrastructure.Database.Injection", "Lottery.Infrastructure.Database.Injection\Lottery.Infrastructure.Database.Injection.csproj", "{B72C2B46-6E79-4998-B681-EB15C228505A}"
EndProject
Project("{FAE04EC0-301F-11D3-BF4B-00C04F79EFBC}") = "Lottery.Infrastructure.Injection", "Lottery.Infrastructure.Injection\Lottery.Infrastructure.Injection.csproj", "{A992AD1D-C677-4905-BCD6-26032ECE172F}"
EndProject
Project("{FAE04EC0-301F-11D3-BF4B-00C04F79EFBC}") = "Lottery.Application.Services", "Lottery.Application.Services\Lottery.Application.Services.csproj", "{DCBFAB31-1C2D-4711-A96C-BD458AAF918A}"
EndProject
Project("{FAE04EC0-301F-11D3-BF4B-00C04F79EFBC}") = "Lottery.Application.Injection", "Lottery.Application.Injection\Lottery.Application.Injection.csproj", "{0EDAB698-E0D6-48C8-97ED-9774D72D7998}"
EndProject
Project("{FAE04EC0-301F-11D3-BF4B-00C04F79EFBC}") = "Lottery.Application.Configuration", "Lottery.Application.Configuration\Lottery.Application.Configuration.csproj", "{4390E97A-3D4B-4EB2-9126-41B4C70BD3D0}"
EndProject
Project("{2150E333-8FDC-42A3-9474-1A3956D46DE8}") = "Angular", "Angular", "{BB269405-E15B-4382-BEEA-EF4752622B16}"
EndProject
Project("{E24C65DC-7377-472B-9ABA-BC803B73C61A}") = "Lottery.Presentation.Client.Angular.Web", "Lottery.Presentation.Client.Angular.Web\", "{9358FB5E-AF81-4396-8CCB-0584A6BECD82}"
	ProjectSection(WebsiteProperties) = preProject
		TargetFrameworkMoniker = ".NETFramework,Version%3Dv4.8.1"
		Debug.AspNetCompiler.VirtualPath = "/localhost_64343"
		Debug.AspNetCompiler.PhysicalPath = "Lottery.Presentation.Client.Angular.Web\"
		Debug.AspNetCompiler.TargetPath = "PrecompiledWeb\localhost_64343\"
		Debug.AspNetCompiler.Updateable = "true"
		Debug.AspNetCompiler.ForceOverwrite = "true"
		Debug.AspNetCompiler.FixedNames = "false"
		Debug.AspNetCompiler.Debug = "True"
		Release.AspNetCompiler.VirtualPath = "/localhost_64343"
		Release.AspNetCompiler.PhysicalPath = "Lottery.Presentation.Client.Angular.Web\"
		Release.AspNetCompiler.TargetPath = "PrecompiledWeb\localhost_64343\"
		Release.AspNetCompiler.Updateable = "true"
		Release.AspNetCompiler.ForceOverwrite = "true"
		Release.AspNetCompiler.FixedNames = "false"
		Release.AspNetCompiler.Debug = "False"
		VWDPort = "64343"
		SlnRelativePath = "Lottery.Presentation.Client.Angular.Web\"
	EndProjectSection
EndProject
Global
	GlobalSection(SolutionConfigurationPlatforms) = preSolution
		Debug|Any CPU = Debug|Any CPU
		Release|Any CPU = Release|Any CPU
	EndGlobalSection
	GlobalSection(ProjectConfigurationPlatforms) = postSolution
		{F3066B04-5A17-401D-A4B8-78AD32CB4358}.Debug|Any CPU.ActiveCfg = Debug|Any CPU
		{F3066B04-5A17-401D-A4B8-78AD32CB4358}.Debug|Any CPU.Build.0 = Debug|Any CPU
		{F3066B04-5A17-401D-A4B8-78AD32CB4358}.Release|Any CPU.ActiveCfg = Release|Any CPU
		{F3066B04-5A17-401D-A4B8-78AD32CB4358}.Release|Any CPU.Build.0 = Release|Any CPU
		{10F9E6E3-8CFA-4048-ADD8-2907C29A9409}.Debug|Any CPU.ActiveCfg = Debug|Any CPU
		{10F9E6E3-8CFA-4048-ADD8-2907C29A9409}.Debug|Any CPU.Build.0 = Debug|Any CPU
		{10F9E6E3-8CFA-4048-ADD8-2907C29A9409}.Release|Any CPU.ActiveCfg = Release|Any CPU
		{10F9E6E3-8CFA-4048-ADD8-2907C29A9409}.Release|Any CPU.Build.0 = Release|Any CPU
		{3BB8D63B-ACC8-46E9-8395-F50794463770}.Debug|Any CPU.ActiveCfg = Debug|Any CPU
		{3BB8D63B-ACC8-46E9-8395-F50794463770}.Debug|Any CPU.Build.0 = Debug|Any CPU
		{3BB8D63B-ACC8-46E9-8395-F50794463770}.Release|Any CPU.ActiveCfg = Release|Any CPU
		{3BB8D63B-ACC8-46E9-8395-F50794463770}.Release|Any CPU.Build.0 = Release|Any CPU
		{384B6355-75B1-4A21-8647-809EBC1E523D}.Debug|Any CPU.ActiveCfg = Debug|Any CPU
		{384B6355-75B1-4A21-8647-809EBC1E523D}.Debug|Any CPU.Build.0 = Debug|Any CPU
		{384B6355-75B1-4A21-8647-809EBC1E523D}.Release|Any CPU.ActiveCfg = Release|Any CPU
		{384B6355-75B1-4A21-8647-809EBC1E523D}.Release|Any CPU.Build.0 = Release|Any CPU
		{E2355C4A-D0B5-4E3D-82FE-0954535AAB00}.Debug|Any CPU.ActiveCfg = Debug|Any CPU
		{E2355C4A-D0B5-4E3D-82FE-0954535AAB00}.Debug|Any CPU.Build.0 = Debug|Any CPU
		{E2355C4A-D0B5-4E3D-82FE-0954535AAB00}.Release|Any CPU.ActiveCfg = Release|Any CPU
		{E2355C4A-D0B5-4E3D-82FE-0954535AAB00}.Release|Any CPU.Build.0 = Release|Any CPU
		{B8545F13-D34A-4A5B-A381-554C2C8194B0}.Debug|Any CPU.ActiveCfg = Debug|Any CPU
		{B8545F13-D34A-4A5B-A381-554C2C8194B0}.Debug|Any CPU.Build.0 = Debug|Any CPU
		{B8545F13-D34A-4A5B-A381-554C2C8194B0}.Release|Any CPU.ActiveCfg = Release|Any CPU
		{B8545F13-D34A-4A5B-A381-554C2C8194B0}.Release|Any CPU.Build.0 = Release|Any CPU
		{B72C2B46-6E79-4998-B681-EB15C228505A}.Debug|Any CPU.ActiveCfg = Debug|Any CPU
		{B72C2B46-6E79-4998-B681-EB15C228505A}.Debug|Any CPU.Build.0 = Debug|Any CPU
		{B72C2B46-6E79-4998-B681-EB15C228505A}.Release|Any CPU.ActiveCfg = Release|Any CPU
		{B72C2B46-6E79-4998-B681-EB15C228505A}.Release|Any CPU.Build.0 = Release|Any CPU
		{A992AD1D-C677-4905-BCD6-26032ECE172F}.Debug|Any CPU.ActiveCfg = Debug|Any CPU
		{A992AD1D-C677-4905-BCD6-26032ECE172F}.Debug|Any CPU.Build.0 = Debug|Any CPU
		{A992AD1D-C677-4905-BCD6-26032ECE172F}.Release|Any CPU.ActiveCfg = Release|Any CPU
		{A992AD1D-C677-4905-BCD6-26032ECE172F}.Release|Any CPU.Build.0 = Release|Any CPU
		{DCBFAB31-1C2D-4711-A96C-BD458AAF918A}.Debug|Any CPU.ActiveCfg = Debug|Any CPU
		{DCBFAB31-1C2D-4711-A96C-BD458AAF918A}.Debug|Any CPU.Build.0 = Debug|Any CPU
		{DCBFAB31-1C2D-4711-A96C-BD458AAF918A}.Release|Any CPU.ActiveCfg = Release|Any CPU
		{DCBFAB31-1C2D-4711-A96C-BD458AAF918A}.Release|Any CPU.Build.0 = Release|Any CPU
		{0EDAB698-E0D6-48C8-97ED-9774D72D7998}.Debug|Any CPU.ActiveCfg = Debug|Any CPU
		{0EDAB698-E0D6-48C8-97ED-9774D72D7998}.Debug|Any CPU.Build.0 = Debug|Any CPU
		{0EDAB698-E0D6-48C8-97ED-9774D72D7998}.Release|Any CPU.ActiveCfg = Release|Any CPU
		{0EDAB698-E0D6-48C8-97ED-9774D72D7998}.Release|Any CPU.Build.0 = Release|Any CPU
		{4390E97A-3D4B-4EB2-9126-41B4C70BD3D0}.Debug|Any CPU.ActiveCfg = Debug|Any CPU
		{4390E97A-3D4B-4EB2-9126-41B4C70BD3D0}.Debug|Any CPU.Build.0 = Debug|Any CPU
		{4390E97A-3D4B-4EB2-9126-41B4C70BD3D0}.Release|Any CPU.ActiveCfg = Release|Any CPU
		{4390E97A-3D4B-4EB2-9126-41B4C70BD3D0}.Release|Any CPU.Build.0 = Release|Any CPU
		{9358FB5E-AF81-4396-8CCB-0584A6BECD82}.Debug|Any CPU.ActiveCfg = Debug|Any CPU
		{9358FB5E-AF81-4396-8CCB-0584A6BECD82}.Debug|Any CPU.Build.0 = Debug|Any CPU
		{9358FB5E-AF81-4396-8CCB-0584A6BECD82}.Release|Any CPU.ActiveCfg = Debug|Any CPU
		{9358FB5E-AF81-4396-8CCB-0584A6BECD82}.Release|Any CPU.Build.0 = Debug|Any CPU
	EndGlobalSection
	GlobalSection(SolutionProperties) = preSolution
		HideSolutionNode = FALSE
	EndGlobalSection
	GlobalSection(NestedProjects) = preSolution
		{BD745107-AA1D-4DCC-BEEA-7B41ED8994E8} = {32846CE0-E0F2-4744-AE85-8EC80F56A71F}
		{BC9569FD-AF11-4E2E-AA5E-54EFDB569EB9} = {32846CE0-E0F2-4744-AE85-8EC80F56A71F}
		{F3066B04-5A17-401D-A4B8-78AD32CB4358} = {BD745107-AA1D-4DCC-BEEA-7B41ED8994E8}
		{10F9E6E3-8CFA-4048-ADD8-2907C29A9409} = {F9FC6554-655A-49BD-8E6C-C456771F2350}
		{3BB8D63B-ACC8-46E9-8395-F50794463770} = {F9FC6554-655A-49BD-8E6C-C456771F2350}
		{3CBE75AD-5B5D-4C66-9BBB-115CF1F77BDF} = {EBF293B6-782A-419B-97F1-224933115BB8}
		{384B6355-75B1-4A21-8647-809EBC1E523D} = {3CBE75AD-5B5D-4C66-9BBB-115CF1F77BDF}
		{E2355C4A-D0B5-4E3D-82FE-0954535AAB00} = {F9FC6554-655A-49BD-8E6C-C456771F2350}
		{B8545F13-D34A-4A5B-A381-554C2C8194B0} = {3CBE75AD-5B5D-4C66-9BBB-115CF1F77BDF}
		{B72C2B46-6E79-4998-B681-EB15C228505A} = {3CBE75AD-5B5D-4C66-9BBB-115CF1F77BDF}
		{A992AD1D-C677-4905-BCD6-26032ECE172F} = {EBF293B6-782A-419B-97F1-224933115BB8}
		{DCBFAB31-1C2D-4711-A96C-BD458AAF918A} = {962FD2CF-8E04-4FBD-B9FB-E492C776BAB3}
		{0EDAB698-E0D6-48C8-97ED-9774D72D7998} = {962FD2CF-8E04-4FBD-B9FB-E492C776BAB3}
		{4390E97A-3D4B-4EB2-9126-41B4C70BD3D0} = {962FD2CF-8E04-4FBD-B9FB-E492C776BAB3}
		{BB269405-E15B-4382-BEEA-EF4752622B16} = {BC9569FD-AF11-4E2E-AA5E-54EFDB569EB9}
		{9358FB5E-AF81-4396-8CCB-0584A6BECD82} = {BB269405-E15B-4382-BEEA-EF4752622B16}
	EndGlobalSection
EndGlobal
